
Microsoft Visual Studio Solution File, Format Version 12.00
# Visual Studio Version 17
VisualStudioVersion = 17.14.36603.0 d17.14
MinimumVisualStudioVersion = 10.0.40219.1
Project("{FAE04EC0-301F-11D3-BF4B-00C04F79EFBC}") = "Bikes.Domain", "Bikes.Domain.csproj", "{05557513-7E27-4EDC-A5C1-6A421582D538}"
EndProject
Project("{FAE04EC0-301F-11D3-BF4B-00C04F79EFBC}") = "Bikes.Tests", "..\Bikes.Tests\Bikes.Tests.csproj", "{BE6F3941-FC43-4217-9120-94E2C759AA9F}"
EndProject
Project("{2150E333-8FDC-42A3-9474-1A3956D46DE8}") = "Элементы решения", "Элементы решения", "{754FC069-D67B-A9D7-50A1-8D1CA196D8F1}"
EndProject
Global
	GlobalSection(SolutionConfigurationPlatforms) = preSolution
		Debug|Any CPU = Debug|Any CPU
		Release|Any CPU = Release|Any CPU
	EndGlobalSection
	GlobalSection(ProjectConfigurationPlatforms) = postSolution
		{05557513-7E27-4EDC-A5C1-6A421582D538}.Debug|Any CPU.ActiveCfg = Debug|Any CPU
		{05557513-7E27-4EDC-A5C1-6A421582D538}.Debug|Any CPU.Build.0 = Debug|Any CPU
		{05557513-7E27-4EDC-A5C1-6A421582D538}.Release|Any CPU.ActiveCfg = Release|Any CPU
		{05557513-7E27-4EDC-A5C1-6A421582D538}.Release|Any CPU.Build.0 = Release|Any CPU
		{BE6F3941-FC43-4217-9120-94E2C759AA9F}.Debug|Any CPU.ActiveCfg = Debug|Any CPU
		{BE6F3941-FC43-4217-9120-94E2C759AA9F}.Debug|Any CPU.Build.0 = Debug|Any CPU
		{BE6F3941-FC43-4217-9120-94E2C759AA9F}.Release|Any CPU.ActiveCfg = Release|Any CPU
		{BE6F3941-FC43-4217-9120-94E2C759AA9F}.Release|Any CPU.Build.0 = Release|Any CPU
	EndGlobalSection
	GlobalSection(SolutionProperties) = preSolution
		HideSolutionNode = FALSE
	EndGlobalSection
	GlobalSection(ExtensibilityGlobals) = postSolution
		SolutionGuid = {4BCE112F-1E42-40D3-89D9-1006B2FE29CE}
	EndGlobalSection
EndGlobal
